
Microsoft Visual Studio Solution File, Format Version 12.00
# Visual Studio Version 16
VisualStudioVersion = 16.0.31112.23
MinimumVisualStudioVersion = 10.0.40219.1
Project("{888888A0-9F3D-457C-B088-3A5042F75D52}") = "Flight-Management", "Flight-Management.pyproj", "{B1CE8A2F-E983-4153-B7C2-104D79DFFFCE}"
EndProject
Global
	GlobalSection(SolutionConfigurationPlatforms) = preSolution
		Debug|Any CPU = Debug|Any CPU
		Release|Any CPU = Release|Any CPU
	EndGlobalSection
	GlobalSection(ProjectConfigurationPlatforms) = postSolution
		{B1CE8A2F-E983-4153-B7C2-104D79DFFFCE}.Debug|Any CPU.ActiveCfg = Debug|Any CPU
		{B1CE8A2F-E983-4153-B7C2-104D79DFFFCE}.Debug|Any CPU.Build.0 = Debug|Any CPU
		{B1CE8A2F-E983-4153-B7C2-104D79DFFFCE}.Release|Any CPU.ActiveCfg = Release|Any CPU
		{B1CE8A2F-E983-4153-B7C2-104D79DFFFCE}.Release|Any CPU.Build.0 = Release|Any CPU
	EndGlobalSection
	GlobalSection(SolutionProperties) = preSolution
		HideSolutionNode = FALSE
	EndGlobalSection
	GlobalSection(ExtensibilityGlobals) = postSolution
		SolutionGuid = {2A5B7617-D723-4FB3-8018-1FE785434E36}
	EndGlobalSection
EndGlobal
